// !$*UTF8*$!
{
	archiveVersion = 1;
	classes = {
	};
	objectVersion = 51;
	objects = {

/* Begin PBXBuildFile section */
		12C831641929150DFAD6A7AB /* Pods_Summarizer.framework in Frameworks */ = {isa = PBXBuildFile; fileRef = A758E7C55F5F7F9D153662C8 /* Pods_Summarizer.framework */; };
		BB5AAFB625397EE60059759B /* MainTextView.swift in Sources */ = {isa = PBXBuildFile; fileRef = BB5AAFB525397EE60059759B /* MainTextView.swift */; };
		BBABBA41251CCD8600C6633B /* StopWords.swift in Sources */ = {isa = PBXBuildFile; fileRef = BBABBA40251CCD8600C6633B /* StopWords.swift */; };
		BBABBA4A251DCF1300C6633B /* Example.swift in Sources */ = {isa = PBXBuildFile; fileRef = BBABBA49251DCF1300C6633B /* Example.swift */; };
		BBABBA4F251DEBC500C6633B /* UIViewController.swift in Sources */ = {isa = PBXBuildFile; fileRef = BBABBA4E251DEBC500C6633B /* UIViewController.swift */; };
		BBABBA56251E2F8500C6633B /* TextRankManager.swift in Sources */ = {isa = PBXBuildFile; fileRef = BBABBA55251E2F8500C6633B /* TextRankManager.swift */; };
		BBABBA5B251E32C600C6633B /* String.swift in Sources */ = {isa = PBXBuildFile; fileRef = BBABBA5A251E32C600C6633B /* String.swift */; };
		BBABBA5F251E3ABE00C6633B /* Sentence.swift in Sources */ = {isa = PBXBuildFile; fileRef = BBABBA5E251E3ABE00C6633B /* Sentence.swift */; };
		BBBC33A1251CC2E2004F70BC /* AppDelegate.swift in Sources */ = {isa = PBXBuildFile; fileRef = BBBC33A0251CC2E2004F70BC /* AppDelegate.swift */; };
		BBBC33A5251CC2E2004F70BC /* MainViewController.swift in Sources */ = {isa = PBXBuildFile; fileRef = BBBC33A4251CC2E2004F70BC /* MainViewController.swift */; };
		BBBC33A8251CC2E2004F70BC /* Main.storyboard in Resources */ = {isa = PBXBuildFile; fileRef = BBBC33A6251CC2E2004F70BC /* Main.storyboard */; };
		BBBC33AB251CC2E2004F70BC /* Summarizer.xcdatamodeld in Sources */ = {isa = PBXBuildFile; fileRef = BBBC33A9251CC2E2004F70BC /* Summarizer.xcdatamodeld */; };
		BBBC33AD251CC2E9004F70BC /* Assets.xcassets in Resources */ = {isa = PBXBuildFile; fileRef = BBBC33AC251CC2E9004F70BC /* Assets.xcassets */; };
		BBBC33B0251CC2E9004F70BC /* LaunchScreen.storyboard in Resources */ = {isa = PBXBuildFile; fileRef = BBBC33AE251CC2E9004F70BC /* LaunchScreen.storyboard */; };
		BBE943C2253A7C9B0009B506 /* SetttingViewController.swift in Sources */ = {isa = PBXBuildFile; fileRef = BBE943C1253A7C9B0009B506 /* SetttingViewController.swift */; };
		BBE943C6253A86430009B506 /* SentenceCell.swift in Sources */ = {isa = PBXBuildFile; fileRef = BBE943C5253A86430009B506 /* SentenceCell.swift */; };
/* End PBXBuildFile section */

/* Begin PBXFileReference section */
		857BCF774A5D9F3EE6163D08 /* Pods-Summarizer.debug.xcconfig */ = {isa = PBXFileReference; includeInIndex = 1; lastKnownFileType = text.xcconfig; name = "Pods-Summarizer.debug.xcconfig"; path = "Target Support Files/Pods-Summarizer/Pods-Summarizer.debug.xcconfig"; sourceTree = "<group>"; };
		A758E7C55F5F7F9D153662C8 /* Pods_Summarizer.framework */ = {isa = PBXFileReference; explicitFileType = wrapper.framework; includeInIndex = 0; path = Pods_Summarizer.framework; sourceTree = BUILT_PRODUCTS_DIR; };
		BB5AAFB525397EE60059759B /* MainTextView.swift */ = {isa = PBXFileReference; fileEncoding = 4; lastKnownFileType = sourcecode.swift; path = MainTextView.swift; sourceTree = "<group>"; };
		BBABBA40251CCD8600C6633B /* StopWords.swift */ = {isa = PBXFileReference; lastKnownFileType = sourcecode.swift; path = StopWords.swift; sourceTree = "<group>"; };
		BBABBA49251DCF1300C6633B /* Example.swift */ = {isa = PBXFileReference; lastKnownFileType = sourcecode.swift; path = Example.swift; sourceTree = "<group>"; };
		BBABBA4E251DEBC500C6633B /* UIViewController.swift */ = {isa = PBXFileReference; lastKnownFileType = sourcecode.swift; path = UIViewController.swift; sourceTree = "<group>"; };
		BBABBA55251E2F8500C6633B /* TextRankManager.swift */ = {isa = PBXFileReference; lastKnownFileType = sourcecode.swift; path = TextRankManager.swift; sourceTree = "<group>"; };
		BBABBA5A251E32C600C6633B /* String.swift */ = {isa = PBXFileReference; lastKnownFileType = sourcecode.swift; path = String.swift; sourceTree = "<group>"; };
		BBABBA5E251E3ABE00C6633B /* Sentence.swift */ = {isa = PBXFileReference; lastKnownFileType = sourcecode.swift; path = Sentence.swift; sourceTree = "<group>"; };
		BBBC339D251CC2E2004F70BC /* Summarizer.app */ = {isa = PBXFileReference; explicitFileType = wrapper.application; includeInIndex = 0; path = Summarizer.app; sourceTree = BUILT_PRODUCTS_DIR; };
		BBBC33A0251CC2E2004F70BC /* AppDelegate.swift */ = {isa = PBXFileReference; lastKnownFileType = sourcecode.swift; path = AppDelegate.swift; sourceTree = "<group>"; };
		BBBC33A4251CC2E2004F70BC /* MainViewController.swift */ = {isa = PBXFileReference; lastKnownFileType = sourcecode.swift; path = MainViewController.swift; sourceTree = "<group>"; };
		BBBC33A7251CC2E2004F70BC /* Base */ = {isa = PBXFileReference; lastKnownFileType = file.storyboard; name = Base; path = Base.lproj/Main.storyboard; sourceTree = "<group>"; };
		BBBC33AA251CC2E2004F70BC /* Summarizer.xcdatamodel */ = {isa = PBXFileReference; lastKnownFileType = wrapper.xcdatamodel; path = Summarizer.xcdatamodel; sourceTree = "<group>"; };
		BBBC33AC251CC2E9004F70BC /* Assets.xcassets */ = {isa = PBXFileReference; lastKnownFileType = folder.assetcatalog; path = Assets.xcassets; sourceTree = "<group>"; };
		BBBC33AF251CC2E9004F70BC /* Base */ = {isa = PBXFileReference; lastKnownFileType = file.storyboard; name = Base; path = Base.lproj/LaunchScreen.storyboard; sourceTree = "<group>"; };
		BBBC33B1251CC2E9004F70BC /* Info.plist */ = {isa = PBXFileReference; lastKnownFileType = text.plist.xml; path = Info.plist; sourceTree = "<group>"; };
		BBE943C1253A7C9B0009B506 /* SetttingViewController.swift */ = {isa = PBXFileReference; lastKnownFileType = sourcecode.swift; path = SetttingViewController.swift; sourceTree = "<group>"; };
		BBE943C5253A86430009B506 /* SentenceCell.swift */ = {isa = PBXFileReference; lastKnownFileType = sourcecode.swift; path = SentenceCell.swift; sourceTree = "<group>"; };
		E5507AECC8640C5CF9883EF6 /* Pods-Summarizer.release.xcconfig */ = {isa = PBXFileReference; includeInIndex = 1; lastKnownFileType = text.xcconfig; name = "Pods-Summarizer.release.xcconfig"; path = "Target Support Files/Pods-Summarizer/Pods-Summarizer.release.xcconfig"; sourceTree = "<group>"; };
/* End PBXFileReference section */

/* Begin PBXFrameworksBuildPhase section */
		BBBC339A251CC2E2004F70BC /* Frameworks */ = {
			isa = PBXFrameworksBuildPhase;
			buildActionMask = 2147483647;
			files = (
				12C831641929150DFAD6A7AB /* Pods_Summarizer.framework in Frameworks */,
			);
			runOnlyForDeploymentPostprocessing = 0;
		};
/* End PBXFrameworksBuildPhase section */

/* Begin PBXGroup section */
		683F7988963B021E9F7945E6 /* Pods */ = {
			isa = PBXGroup;
			children = (
				857BCF774A5D9F3EE6163D08 /* Pods-Summarizer.debug.xcconfig */,
				E5507AECC8640C5CF9883EF6 /* Pods-Summarizer.release.xcconfig */,
			);
			name = Pods;
			path = Pods;
			sourceTree = "<group>";
		};
		6FFE03D14FC88F40B88833D2 /* Frameworks */ = {
			isa = PBXGroup;
			children = (
				A758E7C55F5F7F9D153662C8 /* Pods_Summarizer.framework */,
			);
			name = Frameworks;
			sourceTree = "<group>";
		};
		BBABBA4D251DEB1100C6633B /* ViewController */ = {
			isa = PBXGroup;
			children = (
				BBBC33A4251CC2E2004F70BC /* MainViewController.swift */,
				BBE943C1253A7C9B0009B506 /* SetttingViewController.swift */,
			);
			path = ViewController;
			sourceTree = "<group>";
		};
		BBABBA54251E2EB500C6633B /* TextRank */ = {
			isa = PBXGroup;
			children = (
				BBABBA40251CCD8600C6633B /* StopWords.swift */,
				BBABBA55251E2F8500C6633B /* TextRankManager.swift */,
				BBABBA5E251E3ABE00C6633B /* Sentence.swift */,
			);
			path = TextRank;
			sourceTree = "<group>";
		};
		BBABBA59251E32AE00C6633B /* Extension */ = {
			isa = PBXGroup;
			children = (
				BBABBA5A251E32C600C6633B /* String.swift */,
				BBABBA4E251DEBC500C6633B /* UIViewController.swift */,
			);
			path = Extension;
			sourceTree = "<group>";
		};
		BBB4FD362536ECD000F92596 /* View */ = {
			isa = PBXGroup;
			children = (
				BB5AAFB525397EE60059759B /* MainTextView.swift */,
				BBE943C5253A86430009B506 /* SentenceCell.swift */,
			);
			path = View;
			sourceTree = "<group>";
		};
		BBBC3394251CC2E1004F70BC = {
			isa = PBXGroup;
			children = (
				BBBC339F251CC2E2004F70BC /* Summarizer */,
				BBBC339E251CC2E2004F70BC /* Products */,
				683F7988963B021E9F7945E6 /* Pods */,
				6FFE03D14FC88F40B88833D2 /* Frameworks */,
			);
			sourceTree = "<group>";
		};
		BBBC339E251CC2E2004F70BC /* Products */ = {
			isa = PBXGroup;
			children = (
				BBBC339D251CC2E2004F70BC /* Summarizer.app */,
			);
			name = Products;
			sourceTree = "<group>";
		};
		BBBC339F251CC2E2004F70BC /* Summarizer */ = {
			isa = PBXGroup;
			children = (
				BBB4FD362536ECD000F92596 /* View */,
				BBABBA59251E32AE00C6633B /* Extension */,
				BBABBA54251E2EB500C6633B /* TextRank */,
				BBABBA4D251DEB1100C6633B /* ViewController */,
				BBBC33A0251CC2E2004F70BC /* AppDelegate.swift */,
				BBBC33A6251CC2E2004F70BC /* Main.storyboard */,
				BBBC33AC251CC2E9004F70BC /* Assets.xcassets */,
				BBBC33AE251CC2E9004F70BC /* LaunchScreen.storyboard */,
				BBBC33B1251CC2E9004F70BC /* Info.plist */,
				BBBC33A9251CC2E2004F70BC /* Summarizer.xcdatamodeld */,
				BBABBA49251DCF1300C6633B /* Example.swift */,
			);
			path = Summarizer;
			sourceTree = "<group>";
		};
/* End PBXGroup section */

/* Begin PBXNativeTarget section */
		BBBC339C251CC2E2004F70BC /* Summarizer */ = {
			isa = PBXNativeTarget;
			buildConfigurationList = BBBC33B4251CC2E9004F70BC /* Build configuration list for PBXNativeTarget "Summarizer" */;
			buildPhases = (
				65759C4E72E2E2DE9570BDB6 /* [CP] Check Pods Manifest.lock */,
				BBBC3399251CC2E2004F70BC /* Sources */,
				BBBC339A251CC2E2004F70BC /* Frameworks */,
				BBBC339B251CC2E2004F70BC /* Resources */,
				5529857878802C262124BE08 /* [CP] Embed Pods Frameworks */,
			);
			buildRules = (
			);
			dependencies = (
			);
			name = Summarizer;
			productName = Summarizer;
			productReference = BBBC339D251CC2E2004F70BC /* Summarizer.app */;
			productType = "com.apple.product-type.application";
		};
/* End PBXNativeTarget section */

/* Begin PBXProject section */
		BBBC3395251CC2E1004F70BC /* Project object */ = {
			isa = PBXProject;
			attributes = {
				LastSwiftUpdateCheck = 1200;
				LastUpgradeCheck = 1200;
				TargetAttributes = {
					BBBC339C251CC2E2004F70BC = {
						CreatedOnToolsVersion = 12.0;
					};
				};
			};
			buildConfigurationList = BBBC3398251CC2E1004F70BC /* Build configuration list for PBXProject "Summarizer" */;
			compatibilityVersion = "Xcode 9.3";
			developmentRegion = en;
			hasScannedForEncodings = 0;
			knownRegions = (
				en,
				Base,
			);
			mainGroup = BBBC3394251CC2E1004F70BC;
			productRefGroup = BBBC339E251CC2E2004F70BC /* Products */;
			projectDirPath = "";
			projectRoot = "";
			targets = (
				BBBC339C251CC2E2004F70BC /* Summarizer */,
			);
		};
/* End PBXProject section */

/* Begin PBXResourcesBuildPhase section */
		BBBC339B251CC2E2004F70BC /* Resources */ = {
			isa = PBXResourcesBuildPhase;
			buildActionMask = 2147483647;
			files = (
				BBBC33B0251CC2E9004F70BC /* LaunchScreen.storyboard in Resources */,
				BBBC33AD251CC2E9004F70BC /* Assets.xcassets in Resources */,
				BBBC33A8251CC2E2004F70BC /* Main.storyboard in Resources */,
			);
			runOnlyForDeploymentPostprocessing = 0;
		};
/* End PBXResourcesBuildPhase section */

/* Begin PBXShellScriptBuildPhase section */
		5529857878802C262124BE08 /* [CP] Embed Pods Frameworks */ = {
			isa = PBXShellScriptBuildPhase;
			buildActionMask = 2147483647;
			files = (
			);
			inputFileListPaths = (
				"${PODS_ROOT}/Target Support Files/Pods-Summarizer/Pods-Summarizer-frameworks-${CONFIGURATION}-input-files.xcfilelist",
			);
			name = "[CP] Embed Pods Frameworks";
			outputFileListPaths = (
				"${PODS_ROOT}/Target Support Files/Pods-Summarizer/Pods-Summarizer-frameworks-${CONFIGURATION}-output-files.xcfilelist",
			);
			runOnlyForDeploymentPostprocessing = 0;
			shellPath = /bin/sh;
			shellScript = "\"${PODS_ROOT}/Target Support Files/Pods-Summarizer/Pods-Summarizer-frameworks.sh\"\n";
			showEnvVarsInLog = 0;
		};
		65759C4E72E2E2DE9570BDB6 /* [CP] Check Pods Manifest.lock */ = {
			isa = PBXShellScriptBuildPhase;
			buildActionMask = 2147483647;
			files = (
			);
			inputFileListPaths = (
			);
			inputPaths = (
				"${PODS_PODFILE_DIR_PATH}/Podfile.lock",
				"${PODS_ROOT}/Manifest.lock",
			);
			name = "[CP] Check Pods Manifest.lock";
			outputFileListPaths = (
			);
			outputPaths = (
				"$(DERIVED_FILE_DIR)/Pods-Summarizer-checkManifestLockResult.txt",
			);
			runOnlyForDeploymentPostprocessing = 0;
			shellPath = /bin/sh;
			shellScript = "diff \"${PODS_PODFILE_DIR_PATH}/Podfile.lock\" \"${PODS_ROOT}/Manifest.lock\" > /dev/null\nif [ $? != 0 ] ; then\n    # print error to STDERR\n    echo \"error: The sandbox is not in sync with the Podfile.lock. Run 'pod install' or update your CocoaPods installation.\" >&2\n    exit 1\nfi\n# This output is used by Xcode 'outputs' to avoid re-running this script phase.\necho \"SUCCESS\" > \"${SCRIPT_OUTPUT_FILE_0}\"\n";
			showEnvVarsInLog = 0;
		};
/* End PBXShellScriptBuildPhase section */

/* Begin PBXSourcesBuildPhase section */
		BBBC3399251CC2E2004F70BC /* Sources */ = {
			isa = PBXSourcesBuildPhase;
			buildActionMask = 2147483647;
			files = (
				BBBC33A5251CC2E2004F70BC /* MainViewController.swift in Sources */,
				BBABBA5B251E32C600C6633B /* String.swift in Sources */,
				BBABBA5F251E3ABE00C6633B /* Sentence.swift in Sources */,
				BBE943C2253A7C9B0009B506 /* SetttingViewController.swift in Sources */,
				BBBC33A1251CC2E2004F70BC /* AppDelegate.swift in Sources */,
				BBABBA4A251DCF1300C6633B /* Example.swift in Sources */,
				BBBC33AB251CC2E2004F70BC /* Summarizer.xcdatamodeld in Sources */,
				BBABBA56251E2F8500C6633B /* TextRankManager.swift in Sources */,
				BBABBA41251CCD8600C6633B /* StopWords.swift in Sources */,
				BB5AAFB625397EE60059759B /* MainTextView.swift in Sources */,
				BBE943C6253A86430009B506 /* SentenceCell.swift in Sources */,
				BBABBA4F251DEBC500C6633B /* UIViewController.swift in Sources */,
			);
			runOnlyForDeploymentPostprocessing = 0;
		};
/* End PBXSourcesBuildPhase section */

/* Begin PBXVariantGroup section */
		BBBC33A6251CC2E2004F70BC /* Main.storyboard */ = {
			isa = PBXVariantGroup;
			children = (
				BBBC33A7251CC2E2004F70BC /* Base */,
			);
			name = Main.storyboard;
			sourceTree = "<group>";
		};
		BBBC33AE251CC2E9004F70BC /* LaunchScreen.storyboard */ = {
			isa = PBXVariantGroup;
			children = (
				BBBC33AF251CC2E9004F70BC /* Base */,
			);
			name = LaunchScreen.storyboard;
			sourceTree = "<group>";
		};
/* End PBXVariantGroup section */

/* Begin XCBuildConfiguration section */
		BBBC33B2251CC2E9004F70BC /* Debug */ = {
			isa = XCBuildConfiguration;
			buildSettings = {
				ALWAYS_SEARCH_USER_PATHS = NO;
				CLANG_ANALYZER_NONNULL = YES;
				CLANG_ANALYZER_NUMBER_OBJECT_CONVERSION = YES_AGGRESSIVE;
				CLANG_CXX_LANGUAGE_STANDARD = "gnu++14";
				CLANG_CXX_LIBRARY = "libc++";
				CLANG_ENABLE_MODULES = YES;
				CLANG_ENABLE_OBJC_ARC = YES;
				CLANG_ENABLE_OBJC_WEAK = YES;
				CLANG_WARN_BLOCK_CAPTURE_AUTORELEASING = YES;
				CLANG_WARN_BOOL_CONVERSION = YES;
				CLANG_WARN_COMMA = YES;
				CLANG_WARN_CONSTANT_CONVERSION = YES;
				CLANG_WARN_DEPRECATED_OBJC_IMPLEMENTATIONS = YES;
				CLANG_WARN_DIRECT_OBJC_ISA_USAGE = YES_ERROR;
				CLANG_WARN_DOCUMENTATION_COMMENTS = YES;
				CLANG_WARN_EMPTY_BODY = YES;
				CLANG_WARN_ENUM_CONVERSION = YES;
				CLANG_WARN_INFINITE_RECURSION = YES;
				CLANG_WARN_INT_CONVERSION = YES;
				CLANG_WARN_NON_LITERAL_NULL_CONVERSION = YES;
				CLANG_WARN_OBJC_IMPLICIT_RETAIN_SELF = YES;
				CLANG_WARN_OBJC_LITERAL_CONVERSION = YES;
				CLANG_WARN_OBJC_ROOT_CLASS = YES_ERROR;
				CLANG_WARN_QUOTED_INCLUDE_IN_FRAMEWORK_HEADER = YES;
				CLANG_WARN_RANGE_LOOP_ANALYSIS = YES;
				CLANG_WARN_STRICT_PROTOTYPES = YES;
				CLANG_WARN_SUSPICIOUS_MOVE = YES;
				CLANG_WARN_UNGUARDED_AVAILABILITY = YES_AGGRESSIVE;
				CLANG_WARN_UNREACHABLE_CODE = YES;
				CLANG_WARN__DUPLICATE_METHOD_MATCH = YES;
				COPY_PHASE_STRIP = NO;
				DEBUG_INFORMATION_FORMAT = dwarf;
				ENABLE_STRICT_OBJC_MSGSEND = YES;
				ENABLE_TESTABILITY = YES;
				GCC_C_LANGUAGE_STANDARD = gnu11;
				GCC_DYNAMIC_NO_PIC = NO;
				GCC_NO_COMMON_BLOCKS = YES;
				GCC_OPTIMIZATION_LEVEL = 0;
				GCC_PREPROCESSOR_DEFINITIONS = (
					"DEBUG=1",
					"$(inherited)",
				);
				GCC_WARN_64_TO_32_BIT_CONVERSION = YES;
				GCC_WARN_ABOUT_RETURN_TYPE = YES_ERROR;
				GCC_WARN_UNDECLARED_SELECTOR = YES;
				GCC_WARN_UNINITIALIZED_AUTOS = YES_AGGRESSIVE;
				GCC_WARN_UNUSED_FUNCTION = YES;
				GCC_WARN_UNUSED_VARIABLE = YES;
				IPHONEOS_DEPLOYMENT_TARGET = 14.0;
				MTL_ENABLE_DEBUG_INFO = INCLUDE_SOURCE;
				MTL_FAST_MATH = YES;
				ONLY_ACTIVE_ARCH = YES;
				SDKROOT = iphoneos;
				SWIFT_ACTIVE_COMPILATION_CONDITIONS = DEBUG;
				SWIFT_OPTIMIZATION_LEVEL = "-Onone";
			};
			name = Debug;
		};
		BBBC33B3251CC2E9004F70BC /* Release */ = {
			isa = XCBuildConfiguration;
			buildSettings = {
				ALWAYS_SEARCH_USER_PATHS = NO;
				CLANG_ANALYZER_NONNULL = YES;
				CLANG_ANALYZER_NUMBER_OBJECT_CONVERSION = YES_AGGRESSIVE;
				CLANG_CXX_LANGUAGE_STANDARD = "gnu++14";
				CLANG_CXX_LIBRARY = "libc++";
				CLANG_ENABLE_MODULES = YES;
				CLANG_ENABLE_OBJC_ARC = YES;
				CLANG_ENABLE_OBJC_WEAK = YES;
				CLANG_WARN_BLOCK_CAPTURE_AUTORELEASING = YES;
				CLANG_WARN_BOOL_CONVERSION = YES;
				CLANG_WARN_COMMA = YES;
				CLANG_WARN_CONSTANT_CONVERSION = YES;
				CLANG_WARN_DEPRECATED_OBJC_IMPLEMENTATIONS = YES;
				CLANG_WARN_DIRECT_OBJC_ISA_USAGE = YES_ERROR;
				CLANG_WARN_DOCUMENTATION_COMMENTS = YES;
				CLANG_WARN_EMPTY_BODY = YES;
				CLANG_WARN_ENUM_CONVERSION = YES;
				CLANG_WARN_INFINITE_RECURSION = YES;
				CLANG_WARN_INT_CONVERSION = YES;
				CLANG_WARN_NON_LITERAL_NULL_CONVERSION = YES;
				CLANG_WARN_OBJC_IMPLICIT_RETAIN_SELF = YES;
				CLANG_WARN_OBJC_LITERAL_CONVERSION = YES;
				CLANG_WARN_OBJC_ROOT_CLASS = YES_ERROR;
				CLANG_WARN_QUOTED_INCLUDE_IN_FRAMEWORK_HEADER = YES;
				CLANG_WARN_RANGE_LOOP_ANALYSIS = YES;
				CLANG_WARN_STRICT_PROTOTYPES = YES;
				CLANG_WARN_SUSPICIOUS_MOVE = YES;
				CLANG_WARN_UNGUARDED_AVAILABILITY = YES_AGGRESSIVE;
				CLANG_WARN_UNREACHABLE_CODE = YES;
				CLANG_WARN__DUPLICATE_METHOD_MATCH = YES;
				COPY_PHASE_STRIP = NO;
				DEBUG_INFORMATION_FORMAT = "dwarf-with-dsym";
				ENABLE_NS_ASSERTIONS = NO;
				ENABLE_STRICT_OBJC_MSGSEND = YES;
				GCC_C_LANGUAGE_STANDARD = gnu11;
				GCC_NO_COMMON_BLOCKS = YES;
				GCC_WARN_64_TO_32_BIT_CONVERSION = YES;
				GCC_WARN_ABOUT_RETURN_TYPE = YES_ERROR;
				GCC_WARN_UNDECLARED_SELECTOR = YES;
				GCC_WARN_UNINITIALIZED_AUTOS = YES_AGGRESSIVE;
				GCC_WARN_UNUSED_FUNCTION = YES;
				GCC_WARN_UNUSED_VARIABLE = YES;
				IPHONEOS_DEPLOYMENT_TARGET = 14.0;
				MTL_ENABLE_DEBUG_INFO = NO;
				MTL_FAST_MATH = YES;
				SDKROOT = iphoneos;
				SWIFT_COMPILATION_MODE = wholemodule;
				SWIFT_OPTIMIZATION_LEVEL = "-O";
				VALIDATE_PRODUCT = YES;
			};
			name = Release;
		};
		BBBC33B5251CC2E9004F70BC /* Debug */ = {
			isa = XCBuildConfiguration;
			baseConfigurationReference = 857BCF774A5D9F3EE6163D08 /* Pods-Summarizer.debug.xcconfig */;
			buildSettings = {
				ASSETCATALOG_COMPILER_APPICON_NAME = AppIcon;
				ASSETCATALOG_COMPILER_GLOBAL_ACCENT_COLOR_NAME = AccentColor;
				CODE_SIGN_STYLE = Automatic;
				DEVELOPMENT_TEAM = 3T6R6APYLA;
				INFOPLIST_FILE = Summarizer/Info.plist;
				LD_RUNPATH_SEARCH_PATHS = (
					"$(inherited)",
					"@executable_path/Frameworks",
				);
				PRODUCT_BUNDLE_IDENTIFIER = wenchanyuan.Summarizer;
				PRODUCT_NAME = "$(TARGET_NAME)";
				SWIFT_VERSION = 5.0;
				TARGETED_DEVICE_FAMILY = "1,2";
			};
			name = Debug;
		};
		BBBC33B6251CC2E9004F70BC /* Release */ = {
			isa = XCBuildConfiguration;
			baseConfigurationReference = E5507AECC8640C5CF9883EF6 /* Pods-Summarizer.release.xcconfig */;
			buildSettings = {
				ASSETCATALOG_COMPILER_APPICON_NAME = AppIcon;
				ASSETCATALOG_COMPILER_GLOBAL_ACCENT_COLOR_NAME = AccentColor;
				CODE_SIGN_STYLE = Automatic;
				DEVELOPMENT_TEAM = 3T6R6APYLA;
				INFOPLIST_FILE = Summarizer/Info.plist;
				LD_RUNPATH_SEARCH_PATHS = (
					"$(inherited)",
					"@executable_path/Frameworks",
				);
				PRODUCT_BUNDLE_IDENTIFIER = wenchanyuan.Summarizer;
				PRODUCT_NAME = "$(TARGET_NAME)";
				SWIFT_VERSION = 5.0;
				TARGETED_DEVICE_FAMILY = "1,2";
			};
			name = Release;
		};
/* End XCBuildConfiguration section */

/* Begin XCConfigurationList section */
		BBBC3398251CC2E1004F70BC /* Build configuration list for PBXProject "Summarizer" */ = {
			isa = XCConfigurationList;
			buildConfigurations = (
				BBBC33B2251CC2E9004F70BC /* Debug */,
				BBBC33B3251CC2E9004F70BC /* Release */,
			);
			defaultConfigurationIsVisible = 0;
			defaultConfigurationName = Release;
		};
		BBBC33B4251CC2E9004F70BC /* Build configuration list for PBXNativeTarget "Summarizer" */ = {
			isa = XCConfigurationList;
			buildConfigurations = (
				BBBC33B5251CC2E9004F70BC /* Debug */,
				BBBC33B6251CC2E9004F70BC /* Release */,
			);
			defaultConfigurationIsVisible = 0;
			defaultConfigurationName = Release;
		};
/* End XCConfigurationList section */

/* Begin XCVersionGroup section */
		BBBC33A9251CC2E2004F70BC /* Summarizer.xcdatamodeld */ = {
			isa = XCVersionGroup;
			children = (
				BBBC33AA251CC2E2004F70BC /* Summarizer.xcdatamodel */,
			);
			currentVersion = BBBC33AA251CC2E2004F70BC /* Summarizer.xcdatamodel */;
			path = Summarizer.xcdatamodeld;
			sourceTree = "<group>";
			versionGroupType = wrapper.xcdatamodel;
		};
/* End XCVersionGroup section */
	};
	rootObject = BBBC3395251CC2E1004F70BC /* Project object */;
}
